{
  "version": 4,
  "terraform_version": "1.1.3",
  "serial": 13,
  "lineage": "24446e2c-4725-b3d1-a44e-cfd7bc0ccda2",
  "outputs": {},
  "resources": [
    {
      "mode": "data",
      "type": "digitalocean_ssh_key",
      "name": "aurelien",
      "provider": "provider[\"registry.terraform.io/digitalocean/digitalocean\"]",
      "instances": [
        {
          "schema_version": 0,
          "attributes": {
            "fingerprint": "82:41:95:70:50:04:60:62:1d:27:1f:11:67:30:9d:9f",
            "id": 34944630,
            "name": "aurelien",
            "public_key": "ssh-rsa AAAAB3NzaC1yc2EAAAADAQABAAABAQDQ7NQV98PPm3l83rtPfAah6tzZgemFEYWoABQ00Dd7/h3uHvKJl6aWgIq8R3us6UkLfrLXEwLA1p5Ze3xiTHif8wwTPy5bLNUx3vEvSyXWO65eXFEL0L2SFdI1iT8nyXbYp7qf0rcMYMLiRrna+nnvvn71kMVQUT1pKOBuUl2fmbLd7w/HpBOb4UB0NTzLCgrSW+kbqjfMqx1fTXk8jpNsBWW614hePrFhyyYZQ7MnqjY1PZdrFXRCacIJzqXX1Hl01fuB2WxORh+G7JP4z1QR6R1Yvzqd9cIuHi453O4CRnezUJsrXQaYC9/t3KQNchNkdT2bpOPQvCgdXiG45bxL rickytartine@debian"
          },
          "sensitive_attributes": []
        }
      ]
    },
    {
      "mode": "data",
      "type": "digitalocean_ssh_key",
      "name": "cyrielle",
      "provider": "provider[\"registry.terraform.io/digitalocean/digitalocean\"]",
      "instances": [
        {
          "schema_version": 0,
          "attributes": {
            "fingerprint": "ee:67:11:f4:c2:88:2e:a9:0d:57:e9:1d:43:b9:0f:4b",
            "id": 29795763,
            "name": "Cyrielle",
            "public_key": "ssh-rsa AAAAB3NzaC1yc2EAAAADAQABAAABAQCeW3JkXqivlszvZpN41OiWjOrcf1Ae1VuTFWZ1577AubcRrtVy5nSLhT44UnI2xXOwN44Sl9sKwsRpbPOpSPYNp2laaFe/tUZj0oKkcKC5Ip+UCR8+9y1GUWDzNTe/bThbu/OkSF5IwHT8AU/mZ+rTOKUalDRWTiiDUWW68tsitz4NS9Q1Cnt3etAjGJvIco5hREr+al8iZn6rrht+eIhPFJQGqnwx1rPLOfueUYUmdq0Wb/RbWVfgPMMOGTdkv0cos1hLJgBJfmUtGBSr/R3NVpH4L4iRp4RucxRCSNdhmJViPAyapfPDIVMWnxaOlgl9XfxU4TkeBHCgnDRTlSTr cyrie@DESKTOP-C8NKSCA"
          },
          "sensitive_attributes": []
        }
      ]
    },
    {
      "mode": "managed",
      "type": "digitalocean_droplet",
      "name": "protolk-server",
      "provider": "provider[\"registry.terraform.io/digitalocean/digitalocean\"]",
      "instances": [
        {
          "schema_version": 1,
          "attributes": {
            "backups": false,
            "created_at": "2022-06-26T08:51:34Z",
            "disk": 25,
            "droplet_agent": null,
            "graceful_shutdown": false,
            "id": "305902900",
            "image": "ubuntu-20-04-x64",
            "ipv4_address": "167.172.42.60",
            "ipv4_address_private": "10.110.0.3",
            "ipv6": false,
            "ipv6_address": "",
            "locked": false,
            "memory": 1024,
            "monitoring": false,
            "name": "protolk-server",
            "price_hourly": 0.00744,
            "price_monthly": 5,
            "private_networking": true,
            "region": "ams3",
            "resize_disk": true,
            "size": "s-1vcpu-1gb",
            "ssh_keys": [
              "29795763",
              "34944630"
            ],
            "status": "active",
            "tags": null,
            "urn": "do:droplet:305902900",
            "user_data": null,
            "vcpus": 1,
            "volume_ids": [],
            "vpc_uuid": "d1702186-cd23-4372-8edf-a14b92920d33"
          },
          "sensitive_attributes": [],
          "private": "eyJzY2hlbWFfdmVyc2lvbiI6IjEifQ==",
          "dependencies": [
            "data.digitalocean_ssh_key.aurelien",
            "data.digitalocean_ssh_key.cyrielle"
          ]
        }
      ]
    }
  ]
}
